
Microsoft Visual Studio Solution File, Format Version 12.00
# Visual Studio Version 16
VisualStudioVersion = 16.0.31605.320
MinimumVisualStudioVersion = 10.0.40219.1
Project("{FAE04EC0-301F-11D3-BF4B-00C04F79EFBC}") = "VenturasTechTest", "VenturasTechTest\VenturasTechTest.csproj", "{A50DF699-4D9F-4B90-9B32-49EB4A0183E4}"
EndProject
Project("{FAE04EC0-301F-11D3-BF4B-00C04F79EFBC}") = "ModelEntity", "ModelEntity\ModelEntity.csproj", "{48546601-29E7-41C6-B5CF-C0EDC1E17232}"
EndProject
Project("{FAE04EC0-301F-11D3-BF4B-00C04F79EFBC}") = "ModelDataAccess", "ModelDataAccess\ModelDataAccess.csproj", "{87B201AD-E7B0-45E8-A8D3-1D43E62D1E44}"
EndProject
Global
	GlobalSection(SolutionConfigurationPlatforms) = preSolution
		Debug|Any CPU = Debug|Any CPU
		Release|Any CPU = Release|Any CPU
	EndGlobalSection
	GlobalSection(ProjectConfigurationPlatforms) = postSolution
		{A50DF699-4D9F-4B90-9B32-49EB4A0183E4}.Debug|Any CPU.ActiveCfg = Debug|Any CPU
		{A50DF699-4D9F-4B90-9B32-49EB4A0183E4}.Debug|Any CPU.Build.0 = Debug|Any CPU
		{A50DF699-4D9F-4B90-9B32-49EB4A0183E4}.Release|Any CPU.ActiveCfg = Release|Any CPU
		{A50DF699-4D9F-4B90-9B32-49EB4A0183E4}.Release|Any CPU.Build.0 = Release|Any CPU
		{48546601-29E7-41C6-B5CF-C0EDC1E17232}.Debug|Any CPU.ActiveCfg = Debug|Any CPU
		{48546601-29E7-41C6-B5CF-C0EDC1E17232}.Debug|Any CPU.Build.0 = Debug|Any CPU
		{48546601-29E7-41C6-B5CF-C0EDC1E17232}.Release|Any CPU.ActiveCfg = Release|Any CPU
		{48546601-29E7-41C6-B5CF-C0EDC1E17232}.Release|Any CPU.Build.0 = Release|Any CPU
		{87B201AD-E7B0-45E8-A8D3-1D43E62D1E44}.Debug|Any CPU.ActiveCfg = Debug|Any CPU
		{87B201AD-E7B0-45E8-A8D3-1D43E62D1E44}.Debug|Any CPU.Build.0 = Debug|Any CPU
		{87B201AD-E7B0-45E8-A8D3-1D43E62D1E44}.Release|Any CPU.ActiveCfg = Release|Any CPU
		{87B201AD-E7B0-45E8-A8D3-1D43E62D1E44}.Release|Any CPU.Build.0 = Release|Any CPU
	EndGlobalSection
	GlobalSection(SolutionProperties) = preSolution
		HideSolutionNode = FALSE
	EndGlobalSection
	GlobalSection(ExtensibilityGlobals) = postSolution
		SolutionGuid = {32F73543-C6AD-430C-AAD0-4518CB343648}
	EndGlobalSection
EndGlobal
